
Microsoft Visual Studio Solution File, Format Version 12.00
# Visual Studio 15
VisualStudioVersion = 15.0.27703.2042
MinimumVisualStudioVersion = 10.0.40219.1
Project("{FAE04EC0-301F-11D3-BF4B-00C04F79EFBC}") = "LogicX.API", "LogicX.API\LogicX.API.csproj", "{458F41B1-3775-41BC-BB23-5C501AE88A3E}"
EndProject
Project("{FAE04EC0-301F-11D3-BF4B-00C04F79EFBC}") = "LogicX.Model", "LogicX.Model\LogicX.Model.csproj", "{F4FF7336-EC0F-42D9-B388-978915B783ED}"
EndProject
Project("{FAE04EC0-301F-11D3-BF4B-00C04F79EFBC}") = "LogicX.DataLayer", "LogicX.DataLayer\LogicX.DataLayer.csproj", "{F93D46F2-466C-4537-A42B-B9F028C69704}"
EndProject
Project("{FAE04EC0-301F-11D3-BF4B-00C04F79EFBC}") = "LogicX.Service", "LogicX.Service\LogicX.Service.csproj", "{B3B4A205-818F-44E3-8D7D-3F399C4D308A}"
EndProject
Project("{FAE04EC0-301F-11D3-BF4B-00C04F79EFBC}") = "LogicX.Utils", "LogicX.Utils\LogicX.Utils.csproj", "{EA69D867-AC72-4E20-B8BF-161A56F4220A}"
EndProject
Global
	GlobalSection(SolutionConfigurationPlatforms) = preSolution
		Debug|Any CPU = Debug|Any CPU
		Release|Any CPU = Release|Any CPU
	EndGlobalSection
	GlobalSection(ProjectConfigurationPlatforms) = postSolution
		{458F41B1-3775-41BC-BB23-5C501AE88A3E}.Debug|Any CPU.ActiveCfg = Debug|Any CPU
		{458F41B1-3775-41BC-BB23-5C501AE88A3E}.Debug|Any CPU.Build.0 = Debug|Any CPU
		{458F41B1-3775-41BC-BB23-5C501AE88A3E}.Release|Any CPU.ActiveCfg = Release|Any CPU
		{458F41B1-3775-41BC-BB23-5C501AE88A3E}.Release|Any CPU.Build.0 = Release|Any CPU
		{F4FF7336-EC0F-42D9-B388-978915B783ED}.Debug|Any CPU.ActiveCfg = Debug|Any CPU
		{F4FF7336-EC0F-42D9-B388-978915B783ED}.Debug|Any CPU.Build.0 = Debug|Any CPU
		{F4FF7336-EC0F-42D9-B388-978915B783ED}.Release|Any CPU.ActiveCfg = Release|Any CPU
		{F4FF7336-EC0F-42D9-B388-978915B783ED}.Release|Any CPU.Build.0 = Release|Any CPU
		{F93D46F2-466C-4537-A42B-B9F028C69704}.Debug|Any CPU.ActiveCfg = Debug|Any CPU
		{F93D46F2-466C-4537-A42B-B9F028C69704}.Debug|Any CPU.Build.0 = Debug|Any CPU
		{F93D46F2-466C-4537-A42B-B9F028C69704}.Release|Any CPU.ActiveCfg = Release|Any CPU
		{F93D46F2-466C-4537-A42B-B9F028C69704}.Release|Any CPU.Build.0 = Release|Any CPU
		{B3B4A205-818F-44E3-8D7D-3F399C4D308A}.Debug|Any CPU.ActiveCfg = Debug|Any CPU
		{B3B4A205-818F-44E3-8D7D-3F399C4D308A}.Debug|Any CPU.Build.0 = Debug|Any CPU
		{B3B4A205-818F-44E3-8D7D-3F399C4D308A}.Release|Any CPU.ActiveCfg = Release|Any CPU
		{B3B4A205-818F-44E3-8D7D-3F399C4D308A}.Release|Any CPU.Build.0 = Release|Any CPU
		{EA69D867-AC72-4E20-B8BF-161A56F4220A}.Debug|Any CPU.ActiveCfg = Debug|Any CPU
		{EA69D867-AC72-4E20-B8BF-161A56F4220A}.Debug|Any CPU.Build.0 = Debug|Any CPU
		{EA69D867-AC72-4E20-B8BF-161A56F4220A}.Release|Any CPU.ActiveCfg = Release|Any CPU
		{EA69D867-AC72-4E20-B8BF-161A56F4220A}.Release|Any CPU.Build.0 = Release|Any CPU
	EndGlobalSection
	GlobalSection(SolutionProperties) = preSolution
		HideSolutionNode = FALSE
	EndGlobalSection
	GlobalSection(ExtensibilityGlobals) = postSolution
		SolutionGuid = {783AB6BA-5C16-421D-B198-314B930DCA62}
	EndGlobalSection
EndGlobal
